// !$*UTF8*$!
{
	archiveVersion = 1;
	classes = {
	};
	objectVersion = 56;
	objects = {

/* Begin PBXBuildFile section */
		D0CA6E462C45FAD500638FB1 /* AppDelegate.swift in Sources */ = {isa = PBXBuildFile; fileRef = D0CA6E452C45FAD500638FB1 /* AppDelegate.swift */; };
		D0CA6E482C45FAD500638FB1 /* SceneDelegate.swift in Sources */ = {isa = PBXBuildFile; fileRef = D0CA6E472C45FAD500638FB1 /* SceneDelegate.swift */; };
		D0CA6E4D2C45FAD500638FB1 /* Base in Resources */ = {isa = PBXBuildFile; fileRef = D0CA6E4C2C45FAD500638FB1 /* Base */; };
		D0CA6E4F2C45FAD600638FB1 /* Assets.xcassets in Resources */ = {isa = PBXBuildFile; fileRef = D0CA6E4E2C45FAD600638FB1 /* Assets.xcassets */; };
		D0CA6E522C45FAD600638FB1 /* Base in Resources */ = {isa = PBXBuildFile; fileRef = D0CA6E512C45FAD600638FB1 /* Base */; };
		D0CA6E5D2C45FC6500638FB1 /* ResultViewController.swift in Sources */ = {isa = PBXBuildFile; fileRef = D0CA6E5C2C45FC6500638FB1 /* ResultViewController.swift */; };
		D0CA6E5F2C462D5800638FB1 /* CalculatorViewController.swift in Sources */ = {isa = PBXBuildFile; fileRef = D0CA6E5E2C462D5800638FB1 /* CalculatorViewController.swift */; };
/* End PBXBuildFile section */

/* Begin PBXFileReference section */
		D0CA6E422C45FAD500638FB1 /* iTipsy.app */ = {isa = PBXFileReference; explicitFileType = wrapper.application; includeInIndex = 0; path = iTipsy.app; sourceTree = BUILT_PRODUCTS_DIR; };
		D0CA6E452C45FAD500638FB1 /* AppDelegate.swift */ = {isa = PBXFileReference; lastKnownFileType = sourcecode.swift; path = AppDelegate.swift; sourceTree = "<group>"; };
		D0CA6E472C45FAD500638FB1 /* SceneDelegate.swift */ = {isa = PBXFileReference; lastKnownFileType = sourcecode.swift; path = SceneDelegate.swift; sourceTree = "<group>"; };
		D0CA6E4C2C45FAD500638FB1 /* Base */ = {isa = PBXFileReference; lastKnownFileType = file.storyboard; name = Base; path = Base.lproj/Main.storyboard; sourceTree = "<group>"; };
		D0CA6E4E2C45FAD600638FB1 /* Assets.xcassets */ = {isa = PBXFileReference; lastKnownFileType = folder.assetcatalog; path = Assets.xcassets; sourceTree = "<group>"; };
		D0CA6E512C45FAD600638FB1 /* Base */ = {isa = PBXFileReference; lastKnownFileType = file.storyboard; name = Base; path = Base.lproj/LaunchScreen.storyboard; sourceTree = "<group>"; };
		D0CA6E532C45FAD600638FB1 /* Info.plist */ = {isa = PBXFileReference; lastKnownFileType = text.plist.xml; path = Info.plist; sourceTree = "<group>"; };
		D0CA6E5C2C45FC6500638FB1 /* ResultViewController.swift */ = {isa = PBXFileReference; lastKnownFileType = sourcecode.swift; path = ResultViewController.swift; sourceTree = "<group>"; };
		D0CA6E5E2C462D5800638FB1 /* CalculatorViewController.swift */ = {isa = PBXFileReference; lastKnownFileType = sourcecode.swift; path = CalculatorViewController.swift; sourceTree = "<group>"; };
/* End PBXFileReference section */

/* Begin PBXFrameworksBuildPhase section */
		D0CA6E3F2C45FAD500638FB1 /* Frameworks */ = {
			isa = PBXFrameworksBuildPhase;
			buildActionMask = 2147483647;
			files = (
			);
			runOnlyForDeploymentPostprocessing = 0;
		};
/* End PBXFrameworksBuildPhase section */

/* Begin PBXGroup section */
		D0CA6E392C45FAD500638FB1 = {
			isa = PBXGroup;
			children = (
				D0CA6E442C45FAD500638FB1 /* iTipsy */,
				D0CA6E432C45FAD500638FB1 /* Products */,
			);
			sourceTree = "<group>";
		};
		D0CA6E432C45FAD500638FB1 /* Products */ = {
			isa = PBXGroup;
			children = (
				D0CA6E422C45FAD500638FB1 /* iTipsy.app */,
			);
			name = Products;
			sourceTree = "<group>";
		};
		D0CA6E442C45FAD500638FB1 /* iTipsy */ = {
			isa = PBXGroup;
			children = (
				D0CA6E452C45FAD500638FB1 /* AppDelegate.swift */,
				D0CA6E472C45FAD500638FB1 /* SceneDelegate.swift */,
				D0CA6E5B2C45FB1A00638FB1 /* Model */,
				D0CA6E5A2C45FB0C00638FB1 /* View */,
				D0CA6E592C45FAFC00638FB1 /* Controller */,
				D0CA6E4E2C45FAD600638FB1 /* Assets.xcassets */,
				D0CA6E502C45FAD600638FB1 /* LaunchScreen.storyboard */,
				D0CA6E532C45FAD600638FB1 /* Info.plist */,
			);
			path = iTipsy;
			sourceTree = "<group>";
		};
		D0CA6E592C45FAFC00638FB1 /* Controller */ = {
			isa = PBXGroup;
			children = (
				D0CA6E5C2C45FC6500638FB1 /* ResultViewController.swift */,
				D0CA6E5E2C462D5800638FB1 /* CalculatorViewController.swift */,
			);
			path = Controller;
			sourceTree = "<group>";
		};
		D0CA6E5A2C45FB0C00638FB1 /* View */ = {
			isa = PBXGroup;
			children = (
				D0CA6E4B2C45FAD500638FB1 /* Main.storyboard */,
			);
			path = View;
			sourceTree = "<group>";
		};
		D0CA6E5B2C45FB1A00638FB1 /* Model */ = {
			isa = PBXGroup;
			children = (
			);
			path = Model;
			sourceTree = "<group>";
		};
/* End PBXGroup section */

/* Begin PBXNativeTarget section */
		D0CA6E412C45FAD500638FB1 /* iTipsy */ = {
			isa = PBXNativeTarget;
			buildConfigurationList = D0CA6E562C45FAD600638FB1 /* Build configuration list for PBXNativeTarget "iTipsy" */;
			buildPhases = (
				D0CA6E3E2C45FAD500638FB1 /* Sources */,
				D0CA6E3F2C45FAD500638FB1 /* Frameworks */,
				D0CA6E402C45FAD500638FB1 /* Resources */,
			);
			buildRules = (
			);
			dependencies = (
			);
			name = iTipsy;
			productName = iTipsy;
			productReference = D0CA6E422C45FAD500638FB1 /* iTipsy.app */;
			productType = "com.apple.product-type.application";
		};
/* End PBXNativeTarget section */

/* Begin PBXProject section */
		D0CA6E3A2C45FAD500638FB1 /* Project object */ = {
			isa = PBXProject;
			attributes = {
				BuildIndependentTargetsInParallel = 1;
				LastSwiftUpdateCheck = 1540;
				LastUpgradeCheck = 1540;
				TargetAttributes = {
					D0CA6E412C45FAD500638FB1 = {
						CreatedOnToolsVersion = 15.4;
					};
				};
			};
			buildConfigurationList = D0CA6E3D2C45FAD500638FB1 /* Build configuration list for PBXProject "iTipsy" */;
			compatibilityVersion = "Xcode 14.0";
			developmentRegion = en;
			hasScannedForEncodings = 0;
			knownRegions = (
				en,
				Base,
			);
			mainGroup = D0CA6E392C45FAD500638FB1;
			productRefGroup = D0CA6E432C45FAD500638FB1 /* Products */;
			projectDirPath = "";
			projectRoot = "";
			targets = (
				D0CA6E412C45FAD500638FB1 /* iTipsy */,
			);
		};
/* End PBXProject section */

/* Begin PBXResourcesBuildPhase section */
		D0CA6E402C45FAD500638FB1 /* Resources */ = {
			isa = PBXResourcesBuildPhase;
			buildActionMask = 2147483647;
			files = (
				D0CA6E4F2C45FAD600638FB1 /* Assets.xcassets in Resources */,
				D0CA6E522C45FAD600638FB1 /* Base in Resources */,
				D0CA6E4D2C45FAD500638FB1 /* Base in Resources */,
			);
			runOnlyForDeploymentPostprocessing = 0;
		};
/* End PBXResourcesBuildPhase section */

/* Begin PBXSourcesBuildPhase section */
		D0CA6E3E2C45FAD500638FB1 /* Sources */ = {
			isa = PBXSourcesBuildPhase;
			buildActionMask = 2147483647;
			files = (
				D0CA6E462C45FAD500638FB1 /* AppDelegate.swift in Sources */,
				D0CA6E482C45FAD500638FB1 /* SceneDelegate.swift in Sources */,
				D0CA6E5F2C462D5800638FB1 /* CalculatorViewController.swift in Sources */,
				D0CA6E5D2C45FC6500638FB1 /* ResultViewController.swift in Sources */,
			);
			runOnlyForDeploymentPostprocessing = 0;
		};
/* End PBXSourcesBuildPhase section */

/* Begin PBXVariantGroup section */
		D0CA6E4B2C45FAD500638FB1 /* Main.storyboard */ = {
			isa = PBXVariantGroup;
			children = (
				D0CA6E4C2C45FAD500638FB1 /* Base */,
			);
			name = Main.storyboard;
			sourceTree = "<group>";
		};
		D0CA6E502C45FAD600638FB1 /* LaunchScreen.storyboard */ = {
			isa = PBXVariantGroup;
			children = (
				D0CA6E512C45FAD600638FB1 /* Base */,
			);
			name = LaunchScreen.storyboard;
			sourceTree = "<group>";
		};
/* End PBXVariantGroup section */

/* Begin XCBuildConfiguration section */
		D0CA6E542C45FAD600638FB1 /* Debug */ = {
			isa = XCBuildConfiguration;
			buildSettings = {
				ALWAYS_SEARCH_USER_PATHS = NO;
				ASSETCATALOG_COMPILER_GENERATE_SWIFT_ASSET_SYMBOL_EXTENSIONS = YES;
				CLANG_ANALYZER_NONNULL = YES;
				CLANG_ANALYZER_NUMBER_OBJECT_CONVERSION = YES_AGGRESSIVE;
				CLANG_CXX_LANGUAGE_STANDARD = "gnu++20";
				CLANG_ENABLE_MODULES = YES;
				CLANG_ENABLE_OBJC_ARC = YES;
				CLANG_ENABLE_OBJC_WEAK = YES;
				CLANG_WARN_BLOCK_CAPTURE_AUTORELEASING = YES;
				CLANG_WARN_BOOL_CONVERSION = YES;
				CLANG_WARN_COMMA = YES;
				CLANG_WARN_CONSTANT_CONVERSION = YES;
				CLANG_WARN_DEPRECATED_OBJC_IMPLEMENTATIONS = YES;
				CLANG_WARN_DIRECT_OBJC_ISA_USAGE = YES_ERROR;
				CLANG_WARN_DOCUMENTATION_COMMENTS = YES;
				CLANG_WARN_EMPTY_BODY = YES;
				CLANG_WARN_ENUM_CONVERSION = YES;
				CLANG_WARN_INFINITE_RECURSION = YES;
				CLANG_WARN_INT_CONVERSION = YES;
				CLANG_WARN_NON_LITERAL_NULL_CONVERSION = YES;
				CLANG_WARN_OBJC_IMPLICIT_RETAIN_SELF = YES;
				CLANG_WARN_OBJC_LITERAL_CONVERSION = YES;
				CLANG_WARN_OBJC_ROOT_CLASS = YES_ERROR;
				CLANG_WARN_QUOTED_INCLUDE_IN_FRAMEWORK_HEADER = YES;
				CLANG_WARN_RANGE_LOOP_ANALYSIS = YES;
				CLANG_WARN_STRICT_PROTOTYPES = YES;
				CLANG_WARN_SUSPICIOUS_MOVE = YES;
				CLANG_WARN_UNGUARDED_AVAILABILITY = YES_AGGRESSIVE;
				CLANG_WARN_UNREACHABLE_CODE = YES;
				CLANG_WARN__DUPLICATE_METHOD_MATCH = YES;
				COPY_PHASE_STRIP = NO;
				DEBUG_INFORMATION_FORMAT = dwarf;
				ENABLE_STRICT_OBJC_MSGSEND = YES;
				ENABLE_TESTABILITY = YES;
				ENABLE_USER_SCRIPT_SANDBOXING = YES;
				GCC_C_LANGUAGE_STANDARD = gnu17;
				GCC_DYNAMIC_NO_PIC = NO;
				GCC_NO_COMMON_BLOCKS = YES;
				GCC_OPTIMIZATION_LEVEL = 0;
				GCC_PREPROCESSOR_DEFINITIONS = (
					"DEBUG=1",
					"$(inherited)",
				);
				GCC_WARN_64_TO_32_BIT_CONVERSION = YES;
				GCC_WARN_ABOUT_RETURN_TYPE = YES_ERROR;
				GCC_WARN_UNDECLARED_SELECTOR = YES;
				GCC_WARN_UNINITIALIZED_AUTOS = YES_AGGRESSIVE;
				GCC_WARN_UNUSED_FUNCTION = YES;
				GCC_WARN_UNUSED_VARIABLE = YES;
				IPHONEOS_DEPLOYMENT_TARGET = 17.5;
				LOCALIZATION_PREFERS_STRING_CATALOGS = YES;
				MTL_ENABLE_DEBUG_INFO = INCLUDE_SOURCE;
				MTL_FAST_MATH = YES;
				ONLY_ACTIVE_ARCH = YES;
				SDKROOT = iphoneos;
				SWIFT_ACTIVE_COMPILATION_CONDITIONS = "DEBUG $(inherited)";
				SWIFT_OPTIMIZATION_LEVEL = "-Onone";
			};
			name = Debug;
		};
		D0CA6E552C45FAD600638FB1 /* Release */ = {
			isa = XCBuildConfiguration;
			buildSettings = {
				ALWAYS_SEARCH_USER_PATHS = NO;
				ASSETCATALOG_COMPILER_GENERATE_SWIFT_ASSET_SYMBOL_EXTENSIONS = YES;
				CLANG_ANALYZER_NONNULL = YES;
				CLANG_ANALYZER_NUMBER_OBJECT_CONVERSION = YES_AGGRESSIVE;
				CLANG_CXX_LANGUAGE_STANDARD = "gnu++20";
				CLANG_ENABLE_MODULES = YES;
				CLANG_ENABLE_OBJC_ARC = YES;
				CLANG_ENABLE_OBJC_WEAK = YES;
				CLANG_WARN_BLOCK_CAPTURE_AUTORELEASING = YES;
				CLANG_WARN_BOOL_CONVERSION = YES;
				CLANG_WARN_COMMA = YES;
				CLANG_WARN_CONSTANT_CONVERSION = YES;
				CLANG_WARN_DEPRECATED_OBJC_IMPLEMENTATIONS = YES;
				CLANG_WARN_DIRECT_OBJC_ISA_USAGE = YES_ERROR;
				CLANG_WARN_DOCUMENTATION_COMMENTS = YES;
				CLANG_WARN_EMPTY_BODY = YES;
				CLANG_WARN_ENUM_CONVERSION = YES;
				CLANG_WARN_INFINITE_RECURSION = YES;
				CLANG_WARN_INT_CONVERSION = YES;
				CLANG_WARN_NON_LITERAL_NULL_CONVERSION = YES;
				CLANG_WARN_OBJC_IMPLICIT_RETAIN_SELF = YES;
				CLANG_WARN_OBJC_LITERAL_CONVERSION = YES;
				CLANG_WARN_OBJC_ROOT_CLASS = YES_ERROR;
				CLANG_WARN_QUOTED_INCLUDE_IN_FRAMEWORK_HEADER = YES;
				CLANG_WARN_RANGE_LOOP_ANALYSIS = YES;
				CLANG_WARN_STRICT_PROTOTYPES = YES;
				CLANG_WARN_SUSPICIOUS_MOVE = YES;
				CLANG_WARN_UNGUARDED_AVAILABILITY = YES_AGGRESSIVE;
				CLANG_WARN_UNREACHABLE_CODE = YES;
				CLANG_WARN__DUPLICATE_METHOD_MATCH = YES;
				COPY_PHASE_STRIP = NO;
				DEBUG_INFORMATION_FORMAT = "dwarf-with-dsym";
				ENABLE_NS_ASSERTIONS = NO;
				ENABLE_STRICT_OBJC_MSGSEND = YES;
				ENABLE_USER_SCRIPT_SANDBOXING = YES;
				GCC_C_LANGUAGE_STANDARD = gnu17;
				GCC_NO_COMMON_BLOCKS = YES;
				GCC_WARN_64_TO_32_BIT_CONVERSION = YES;
				GCC_WARN_ABOUT_RETURN_TYPE = YES_ERROR;
				GCC_WARN_UNDECLARED_SELECTOR = YES;
				GCC_WARN_UNINITIALIZED_AUTOS = YES_AGGRESSIVE;
				GCC_WARN_UNUSED_FUNCTION = YES;
				GCC_WARN_UNUSED_VARIABLE = YES;
				IPHONEOS_DEPLOYMENT_TARGET = 17.5;
				LOCALIZATION_PREFERS_STRING_CATALOGS = YES;
				MTL_ENABLE_DEBUG_INFO = NO;
				MTL_FAST_MATH = YES;
				SDKROOT = iphoneos;
				SWIFT_COMPILATION_MODE = wholemodule;
				VALIDATE_PRODUCT = YES;
			};
			name = Release;
		};
		D0CA6E572C45FAD600638FB1 /* Debug */ = {
			isa = XCBuildConfiguration;
			buildSettings = {
				ASSETCATALOG_COMPILER_APPICON_NAME = AppIcon;
				ASSETCATALOG_COMPILER_GLOBAL_ACCENT_COLOR_NAME = AccentColor;
				CODE_SIGN_STYLE = Automatic;
				CURRENT_PROJECT_VERSION = 1;
				DEVELOPMENT_TEAM = DPQ98A8CD6;
				GENERATE_INFOPLIST_FILE = YES;
				INFOPLIST_FILE = iTipsy/Info.plist;
				INFOPLIST_KEY_UIApplicationSupportsIndirectInputEvents = YES;
				INFOPLIST_KEY_UILaunchStoryboardName = LaunchScreen;
				INFOPLIST_KEY_UIMainStoryboardFile = Main;
				INFOPLIST_KEY_UISupportedInterfaceOrientations = UIInterfaceOrientationPortrait;
				IPHONEOS_DEPLOYMENT_TARGET = 13.0;
				LD_RUNPATH_SEARCH_PATHS = (
					"$(inherited)",
					"@executable_path/Frameworks",
				);
				MARKETING_VERSION = 1.0;
				PRODUCT_BUNDLE_IDENTIFIER = com.bakhromusmanov.iTipsy;
				PRODUCT_NAME = "$(TARGET_NAME)";
				SWIFT_EMIT_LOC_STRINGS = YES;
				SWIFT_VERSION = 5.0;
				TARGETED_DEVICE_FAMILY = "1,2";
			};
			name = Debug;
		};
		D0CA6E582C45FAD600638FB1 /* Release */ = {
			isa = XCBuildConfiguration;
			buildSettings = {
				ASSETCATALOG_COMPILER_APPICON_NAME = AppIcon;
				ASSETCATALOG_COMPILER_GLOBAL_ACCENT_COLOR_NAME = AccentColor;
				CODE_SIGN_STYLE = Automatic;
				CURRENT_PROJECT_VERSION = 1;
				DEVELOPMENT_TEAM = DPQ98A8CD6;
				GENERATE_INFOPLIST_FILE = YES;
				INFOPLIST_FILE = iTipsy/Info.plist;
				INFOPLIST_KEY_UIApplicationSupportsIndirectInputEvents = YES;
				INFOPLIST_KEY_UILaunchStoryboardName = LaunchScreen;
				INFOPLIST_KEY_UIMainStoryboardFile = Main;
				INFOPLIST_KEY_UISupportedInterfaceOrientations = UIInterfaceOrientationPortrait;
				IPHONEOS_DEPLOYMENT_TARGET = 13.0;
				LD_RUNPATH_SEARCH_PATHS = (
					"$(inherited)",
					"@executable_path/Frameworks",
				);
				MARKETING_VERSION = 1.0;
				PRODUCT_BUNDLE_IDENTIFIER = com.bakhromusmanov.iTipsy;
				PRODUCT_NAME = "$(TARGET_NAME)";
				SWIFT_EMIT_LOC_STRINGS = YES;
				SWIFT_VERSION = 5.0;
				TARGETED_DEVICE_FAMILY = "1,2";
			};
			name = Release;
		};
/* End XCBuildConfiguration section */

/* Begin XCConfigurationList section */
		D0CA6E3D2C45FAD500638FB1 /* Build configuration list for PBXProject "iTipsy" */ = {
			isa = XCConfigurationList;
			buildConfigurations = (
				D0CA6E542C45FAD600638FB1 /* Debug */,
				D0CA6E552C45FAD600638FB1 /* Release */,
			);
			defaultConfigurationIsVisible = 0;
			defaultConfigurationName = Release;
		};
		D0CA6E562C45FAD600638FB1 /* Build configuration list for PBXNativeTarget "iTipsy" */ = {
			isa = XCConfigurationList;
			buildConfigurations = (
				D0CA6E572C45FAD600638FB1 /* Debug */,
				D0CA6E582C45FAD600638FB1 /* Release */,
			);
			defaultConfigurationIsVisible = 0;
			defaultConfigurationName = Release;
		};
/* End XCConfigurationList section */
	};
	rootObject = D0CA6E3A2C45FAD500638FB1 /* Project object */;
}
